
Microsoft Visual Studio Solution File, Format Version 12.00
# Visual Studio Version 17
VisualStudioVersion = 17.8.34511.84
MinimumVisualStudioVersion = 10.0.40219.1
Project("{FAE04EC0-301F-11D3-BF4B-00C04F79EFBC}") = "COMP003A.Assignment2.", "..\COMP003A.Assignment2\COMP003A.Assignment2\COMP003A.Assignment2..csproj", "{43DB9B6D-E281-48DA-8B9B-68857B9F5243}"
EndProject
Global
	GlobalSection(SolutionConfigurationPlatforms) = preSolution
		Debug|Any CPU = Debug|Any CPU
		Release|Any CPU = Release|Any CPU
	EndGlobalSection
	GlobalSection(ProjectConfigurationPlatforms) = postSolution
		{43DB9B6D-E281-48DA-8B9B-68857B9F5243}.Debug|Any CPU.ActiveCfg = Debug|Any CPU
		{43DB9B6D-E281-48DA-8B9B-68857B9F5243}.Debug|Any CPU.Build.0 = Debug|Any CPU
		{43DB9B6D-E281-48DA-8B9B-68857B9F5243}.Release|Any CPU.ActiveCfg = Release|Any CPU
		{43DB9B6D-E281-48DA-8B9B-68857B9F5243}.Release|Any CPU.Build.0 = Release|Any CPU
	EndGlobalSection
	GlobalSection(SolutionProperties) = preSolution
		HideSolutionNode = FALSE
	EndGlobalSection
	GlobalSection(ExtensibilityGlobals) = postSolution
		SolutionGuid = {312501AC-2935-4760-8BF4-35A03FA8079C}
	EndGlobalSection
EndGlobal
